
Microsoft Visual Studio Solution File, Format Version 12.00
# Visual Studio 2017
Project("{FAE04EC0-301F-11D3-BF4B-00C04F79EFBC}") = "CoffeeTest.Plugins", "CoffeeTest.Plugins.csproj", "{A3DFBA91-6212-19FA-80FC-2D009D2F6591}"
EndProject
Project("{FAE04EC0-301F-11D3-BF4B-00C04F79EFBC}") = "CoffeeTest.Editor.Plugins", "CoffeeTest.Editor.Plugins.csproj", "{BDBF1D52-79FF-F7D5-6B92-D3D635359FEB}"
EndProject
Global
	GlobalSection(SolutionConfigurationPlatforms) = preSolution
		Debug|Any CPU = Debug|Any CPU
		Release|Any CPU = Release|Any CPU
	EndGlobalSection
	GlobalSection(ProjectConfigurationPlatforms) = postSolution
		{A3DFBA91-6212-19FA-80FC-2D009D2F6591}.Debug|Any CPU.ActiveCfg = Debug|Any CPU
		{A3DFBA91-6212-19FA-80FC-2D009D2F6591}.Debug|Any CPU.Build.0 = Debug|Any CPU
		{A3DFBA91-6212-19FA-80FC-2D009D2F6591}.Release|Any CPU.ActiveCfg = Release|Any CPU
		{A3DFBA91-6212-19FA-80FC-2D009D2F6591}.Release|Any CPU.Build.0 = Release|Any CPU
		{BDBF1D52-79FF-F7D5-6B92-D3D635359FEB}.Debug|Any CPU.ActiveCfg = Debug|Any CPU
		{BDBF1D52-79FF-F7D5-6B92-D3D635359FEB}.Debug|Any CPU.Build.0 = Debug|Any CPU
		{BDBF1D52-79FF-F7D5-6B92-D3D635359FEB}.Release|Any CPU.ActiveCfg = Release|Any CPU
		{BDBF1D52-79FF-F7D5-6B92-D3D635359FEB}.Release|Any CPU.Build.0 = Release|Any CPU
	EndGlobalSection
	GlobalSection(SolutionProperties) = preSolution
		HideSolutionNode = FALSE
	EndGlobalSection
EndGlobal
